{
  "name": "mern-project---ecommerce-website",
  "version": "1.0.0",
  "lockfileVersion": 2,
  "requires": true,
  "packages": {
    "": {
      "name": "mern-project---ecommerce-website",
      "version": "1.0.0",
      "license": "ISC",
      "engines": {
        "node": "18.1.0",
        "npm": "8.8.0"
      }
    }
  }
}
